PODS:
  - CrossroadRegex (1.1.0)
  - SwiftyJSON (4.0.0)
  - TMDBSwift (0.4.2.1)

DEPENDENCIES:
  - CrossroadRegex
  - SwiftyJSON
  - TMDBSwift

SPEC CHECKSUMS:
  CrossroadRegex: 5eaadb3f7b4014728f1cbd1014756b126c1dbd9a
  SwiftyJSON: 070dabdcb1beb81b247c65ffa3a79dbbfb3b48aa
  TMDBSwift: f91fb1860d3ea7c57f9970d98ebf88868c7e5d9a

PODFILE CHECKSUM: 515f7be5227d41290ac2dab08f5fda6791273e02

COCOAPODS: 1.4.0
